
Microsoft Visual Studio Solution File, Format Version 12.00
# Visual Studio Version 17
VisualStudioVersion = 17.14.36408.4
MinimumVisualStudioVersion = 10.0.40219.1
Project("{FAE04EC0-301F-11D3-BF4B-00C04F79EFBC}") = "Formula", "Formula\Formula.csproj", "{D9DEE432-366C-448C-AFE4-0AAF8D877BED}"
EndProject
Project("{2150E333-8FDC-42A3-9474-1A3956D46DE8}") = "Solution Items", "Solution Items", "{8EC462FD-D22E-90A8-E5CE-7E832BA40C5D}"
	ProjectSection(SolutionItems) = preProject
		.editorconfig = .editorconfig
		.gitignore = .gitignore
		Whiteboard\architecture.png = Whiteboard\architecture.png
		Whiteboard\dependencygraph_whiteboard.png.png = Whiteboard\dependencygraph_whiteboard.png.png
		Whiteboard\formula_whiteboard.png = Whiteboard\formula_whiteboard.png
		README.md = README.md
		Whiteboard\spreadsheet_whiteboard.png = Whiteboard\spreadsheet_whiteboard.png
	EndProjectSection
EndProject
Project("{FAE04EC0-301F-11D3-BF4B-00C04F79EFBC}") = "FormulaTests", "FormulaTests\FormulaTests.csproj", "{5C8B1180-EA46-4FA4-BB1B-9943DE324543}"
EndProject
Project("{FAE04EC0-301F-11D3-BF4B-00C04F79EFBC}") = "DependencyGraph", "DependencyGraph\DependencyGraph.csproj", "{5AF852B0-1CAE-4194-97DB-337D40E11400}"
EndProject
Project("{FAE04EC0-301F-11D3-BF4B-00C04F79EFBC}") = "DependencyGraphTests", "DependencyGraphTests\DependencyGraphTests.csproj", "{2F90A88C-900D-4513-AEC0-436955360B43}"
EndProject
Project("{FAE04EC0-301F-11D3-BF4B-00C04F79EFBC}") = "SpreadsheetLib", "SpreadsheetLib\SpreadsheetLib.csproj", "{B9645549-892E-4C6D-8618-25F7104E7F56}"
EndProject
Project("{FAE04EC0-301F-11D3-BF4B-00C04F79EFBC}") = "SpreadsheetTests", "SpreadsheetTests\SpreadsheetTests.csproj", "{644DD632-B7BF-4026-9F28-159DAE8E75C2}"
EndProject
Global
	GlobalSection(SolutionConfigurationPlatforms) = preSolution
		Debug|Any CPU = Debug|Any CPU
		Release|Any CPU = Release|Any CPU
	EndGlobalSection
	GlobalSection(ProjectConfigurationPlatforms) = postSolution
		{D9DEE432-366C-448C-AFE4-0AAF8D877BED}.Debug|Any CPU.ActiveCfg = Debug|Any CPU
		{D9DEE432-366C-448C-AFE4-0AAF8D877BED}.Debug|Any CPU.Build.0 = Debug|Any CPU
		{D9DEE432-366C-448C-AFE4-0AAF8D877BED}.Release|Any CPU.ActiveCfg = Release|Any CPU
		{D9DEE432-366C-448C-AFE4-0AAF8D877BED}.Release|Any CPU.Build.0 = Release|Any CPU
		{5C8B1180-EA46-4FA4-BB1B-9943DE324543}.Debug|Any CPU.ActiveCfg = Debug|Any CPU
		{5C8B1180-EA46-4FA4-BB1B-9943DE324543}.Debug|Any CPU.Build.0 = Debug|Any CPU
		{5C8B1180-EA46-4FA4-BB1B-9943DE324543}.Release|Any CPU.ActiveCfg = Release|Any CPU
		{5C8B1180-EA46-4FA4-BB1B-9943DE324543}.Release|Any CPU.Build.0 = Release|Any CPU
		{5AF852B0-1CAE-4194-97DB-337D40E11400}.Debug|Any CPU.ActiveCfg = Debug|Any CPU
		{5AF852B0-1CAE-4194-97DB-337D40E11400}.Debug|Any CPU.Build.0 = Debug|Any CPU
		{5AF852B0-1CAE-4194-97DB-337D40E11400}.Release|Any CPU.ActiveCfg = Release|Any CPU
		{5AF852B0-1CAE-4194-97DB-337D40E11400}.Release|Any CPU.Build.0 = Release|Any CPU
		{2F90A88C-900D-4513-AEC0-436955360B43}.Debug|Any CPU.ActiveCfg = Debug|Any CPU
		{2F90A88C-900D-4513-AEC0-436955360B43}.Debug|Any CPU.Build.0 = Debug|Any CPU
		{2F90A88C-900D-4513-AEC0-436955360B43}.Release|Any CPU.ActiveCfg = Release|Any CPU
		{2F90A88C-900D-4513-AEC0-436955360B43}.Release|Any CPU.Build.0 = Release|Any CPU
		{B9645549-892E-4C6D-8618-25F7104E7F56}.Debug|Any CPU.ActiveCfg = Debug|Any CPU
		{B9645549-892E-4C6D-8618-25F7104E7F56}.Debug|Any CPU.Build.0 = Debug|Any CPU
		{B9645549-892E-4C6D-8618-25F7104E7F56}.Release|Any CPU.ActiveCfg = Release|Any CPU
		{B9645549-892E-4C6D-8618-25F7104E7F56}.Release|Any CPU.Build.0 = Release|Any CPU
		{644DD632-B7BF-4026-9F28-159DAE8E75C2}.Debug|Any CPU.ActiveCfg = Debug|Any CPU
		{644DD632-B7BF-4026-9F28-159DAE8E75C2}.Debug|Any CPU.Build.0 = Debug|Any CPU
		{644DD632-B7BF-4026-9F28-159DAE8E75C2}.Release|Any CPU.ActiveCfg = Release|Any CPU
		{644DD632-B7BF-4026-9F28-159DAE8E75C2}.Release|Any CPU.Build.0 = Release|Any CPU
	EndGlobalSection
	GlobalSection(SolutionProperties) = preSolution
		HideSolutionNode = FALSE
	EndGlobalSection
	GlobalSection(ExtensibilityGlobals) = postSolution
		SolutionGuid = {1B5175FC-04C6-4942-B0DF-94FC95CC5E82}
	EndGlobalSection
EndGlobal
